
Microsoft Visual Studio Solution File, Format Version 12.00
Project("{FAE04EC0-301F-11D3-BF4B-00C04F79EFBC}") = "CodeRebirthLib.Editor", "CodeRebirthLib.Editor/CodeRebirthLib.Editor.csproj", "{58EE81D3-E08A-4B8D-ACE8-31D31505F39F}"
EndProject
Global
	GlobalSection(SolutionConfigurationPlatforms) = preSolution
		Debug|Any CPU = Debug|Any CPU
		Release|Any CPU = Release|Any CPU
	EndGlobalSection
	GlobalSection(ProjectConfigurationPlatforms) = postSolution
		{58EE81D3-E08A-4B8D-ACE8-31D31505F39F}.Debug|Any CPU.ActiveCfg = Debug|Any CPU
		{58EE81D3-E08A-4B8D-ACE8-31D31505F39F}.Debug|Any CPU.Build.0 = Debug|Any CPU
		{58EE81D3-E08A-4B8D-ACE8-31D31505F39F}.Release|Any CPU.ActiveCfg = Release|Any CPU
		{58EE81D3-E08A-4B8D-ACE8-31D31505F39F}.Release|Any CPU.Build.0 = Release|Any CPU
	EndGlobalSection
EndGlobal
